
Microsoft Visual Studio Solution File, Format Version 12.00
# Visual Studio 15
VisualStudioVersion = 15.0.28010.2041
MinimumVisualStudioVersion = 10.0.40219.1
Project("{FAE04EC0-301F-11D3-BF4B-00C04F79EFBC}") = "AzureIPPuller", "AzureIPPuller\AzureIPPuller.csproj", "{6C62E416-3315-4D5F-ABBD-70A322680396}"
EndProject
Global
	GlobalSection(SolutionConfigurationPlatforms) = preSolution
		Debug|Any CPU = Debug|Any CPU
		Release|Any CPU = Release|Any CPU
	EndGlobalSection
	GlobalSection(ProjectConfigurationPlatforms) = postSolution
		{6C62E416-3315-4D5F-ABBD-70A322680396}.Debug|Any CPU.ActiveCfg = Debug|Any CPU
		{6C62E416-3315-4D5F-ABBD-70A322680396}.Debug|Any CPU.Build.0 = Debug|Any CPU
		{6C62E416-3315-4D5F-ABBD-70A322680396}.Release|Any CPU.ActiveCfg = Release|Any CPU
		{6C62E416-3315-4D5F-ABBD-70A322680396}.Release|Any CPU.Build.0 = Release|Any CPU
	EndGlobalSection
	GlobalSection(SolutionProperties) = preSolution
		HideSolutionNode = FALSE
	EndGlobalSection
	GlobalSection(ExtensibilityGlobals) = postSolution
		SolutionGuid = {D34669B3-FDBB-4958-A753-A0C3D729CFCE}
	EndGlobalSection
EndGlobal
